
Microsoft Visual Studio Solution File, Format Version 12.00
Project("{FAE04EC0-301F-11D3-BF4B-00C04F79EFBC}") = "Ducode.Wolk.Api", "Ducode.Wolk.Api\Ducode.Wolk.Api.csproj", "{45418DBC-76CC-4A42-9982-3F6454F89C5B}"
EndProject
Project("{2150E333-8FDC-42A3-9474-1A3956D46DE8}") = "Common", "Common", "{E8E8E9DF-AE3E-45E3-A5BD-720BB4BB3C9F}"
EndProject
Project("{2150E333-8FDC-42A3-9474-1A3956D46DE8}") = "Core", "Core", "{4588C387-59C8-44F7-969B-B4A72B63C438}"
EndProject
Project("{2150E333-8FDC-42A3-9474-1A3956D46DE8}") = "Infrastructure", "Infrastructure", "{4EAF72BE-BE5B-44F7-8C50-3C71B702B34F}"
EndProject
Project("{2150E333-8FDC-42A3-9474-1A3956D46DE8}") = "Presentation", "Presentation", "{9E347474-9710-4B9D-AB18-C798B77D37AE}"
EndProject
Project("{FAE04EC0-301F-11D3-BF4B-00C04F79EFBC}") = "Ducode.Wolk.Common", "Ducode.Wolk.Common\Ducode.Wolk.Common.csproj", "{F2ADBDA3-68DF-4702-B7F0-F1C7FC4D0C92}"
EndProject
Project("{FAE04EC0-301F-11D3-BF4B-00C04F79EFBC}") = "Ducode.Wolk.Application", "Ducode.Wolk.Application\Ducode.Wolk.Application.csproj", "{047AFC63-0B55-44F3-A573-910F0576DF8D}"
EndProject
Project("{FAE04EC0-301F-11D3-BF4B-00C04F79EFBC}") = "Ducode.Wolk.Domain", "Ducode.Wolk.Domain\Ducode.Wolk.Domain.csproj", "{95AF5713-B8EC-4CDC-9FC5-536224892458}"
EndProject
Project("{FAE04EC0-301F-11D3-BF4B-00C04F79EFBC}") = "Ducode.Wolk.Configuration", "Ducode.Wolk.Configuration\Ducode.Wolk.Configuration.csproj", "{58E1A47C-9DD1-4F4B-B19B-7925254A1741}"
EndProject
Project("{FAE04EC0-301F-11D3-BF4B-00C04F79EFBC}") = "Ducode.Wolk.Infrastructure", "Ducode.Wolk.Infrastructure\Ducode.Wolk.Infrastructure.csproj", "{110CD3C4-FFA5-4FF0-A1A3-F1F6599CB29A}"
EndProject
Project("{FAE04EC0-301F-11D3-BF4B-00C04F79EFBC}") = "Ducode.Wolk.Persistence", "Ducode.Wolk.Persistence\Ducode.Wolk.Persistence.csproj", "{8154BA28-6D26-4C1A-A0FF-248FF09D1161}"
EndProject
Project("{FAE04EC0-301F-11D3-BF4B-00C04F79EFBC}") = "Ducode.Wolk.Identity", "Ducode.Wolk.Identity\Ducode.Wolk.Identity.csproj", "{F42F2A90-739D-47E3-B0A2-F85E13FCFEC5}"
EndProject
Project("{2150E333-8FDC-42A3-9474-1A3956D46DE8}") = "Src", "Src", "{A4287CFC-32EB-4DB0-B55E-696D848058DA}"
EndProject
Project("{2150E333-8FDC-42A3-9474-1A3956D46DE8}") = "Tests", "Tests", "{956438B4-21E3-4EA9-BC1C-9E733EDF6D58}"
EndProject
Project("{FAE04EC0-301F-11D3-BF4B-00C04F79EFBC}") = "Ducode.Wolk.Application.Tests", "Ducode.Wolk.Application.Tests\Ducode.Wolk.Application.Tests.csproj", "{C110E33D-85D5-49D8-B64D-EC4364D03FC2}"
EndProject
Project("{FAE04EC0-301F-11D3-BF4B-00C04F79EFBC}") = "Ducode.Wolk.TestUtilities", "Ducode.Wolk.TestUtilities\Ducode.Wolk.TestUtilities.csproj", "{23F3FDDE-030C-46A0-8CD1-B09CFBE2C861}"
EndProject
Global
	GlobalSection(SolutionConfigurationPlatforms) = preSolution
		Debug|Any CPU = Debug|Any CPU
		Release|Any CPU = Release|Any CPU
	EndGlobalSection
	GlobalSection(ProjectConfigurationPlatforms) = postSolution
		{45418DBC-76CC-4A42-9982-3F6454F89C5B}.Debug|Any CPU.ActiveCfg = Debug|Any CPU
		{45418DBC-76CC-4A42-9982-3F6454F89C5B}.Debug|Any CPU.Build.0 = Debug|Any CPU
		{45418DBC-76CC-4A42-9982-3F6454F89C5B}.Release|Any CPU.ActiveCfg = Release|Any CPU
		{45418DBC-76CC-4A42-9982-3F6454F89C5B}.Release|Any CPU.Build.0 = Release|Any CPU
		{F2ADBDA3-68DF-4702-B7F0-F1C7FC4D0C92}.Debug|Any CPU.ActiveCfg = Debug|Any CPU
		{F2ADBDA3-68DF-4702-B7F0-F1C7FC4D0C92}.Debug|Any CPU.Build.0 = Debug|Any CPU
		{F2ADBDA3-68DF-4702-B7F0-F1C7FC4D0C92}.Release|Any CPU.ActiveCfg = Release|Any CPU
		{F2ADBDA3-68DF-4702-B7F0-F1C7FC4D0C92}.Release|Any CPU.Build.0 = Release|Any CPU
		{047AFC63-0B55-44F3-A573-910F0576DF8D}.Debug|Any CPU.ActiveCfg = Debug|Any CPU
		{047AFC63-0B55-44F3-A573-910F0576DF8D}.Debug|Any CPU.Build.0 = Debug|Any CPU
		{047AFC63-0B55-44F3-A573-910F0576DF8D}.Release|Any CPU.ActiveCfg = Release|Any CPU
		{047AFC63-0B55-44F3-A573-910F0576DF8D}.Release|Any CPU.Build.0 = Release|Any CPU
		{95AF5713-B8EC-4CDC-9FC5-536224892458}.Debug|Any CPU.ActiveCfg = Debug|Any CPU
		{95AF5713-B8EC-4CDC-9FC5-536224892458}.Debug|Any CPU.Build.0 = Debug|Any CPU
		{95AF5713-B8EC-4CDC-9FC5-536224892458}.Release|Any CPU.ActiveCfg = Release|Any CPU
		{95AF5713-B8EC-4CDC-9FC5-536224892458}.Release|Any CPU.Build.0 = Release|Any CPU
		{58E1A47C-9DD1-4F4B-B19B-7925254A1741}.Debug|Any CPU.ActiveCfg = Debug|Any CPU
		{58E1A47C-9DD1-4F4B-B19B-7925254A1741}.Debug|Any CPU.Build.0 = Debug|Any CPU
		{58E1A47C-9DD1-4F4B-B19B-7925254A1741}.Release|Any CPU.ActiveCfg = Release|Any CPU
		{58E1A47C-9DD1-4F4B-B19B-7925254A1741}.Release|Any CPU.Build.0 = Release|Any CPU
		{110CD3C4-FFA5-4FF0-A1A3-F1F6599CB29A}.Debug|Any CPU.ActiveCfg = Debug|Any CPU
		{110CD3C4-FFA5-4FF0-A1A3-F1F6599CB29A}.Debug|Any CPU.Build.0 = Debug|Any CPU
		{110CD3C4-FFA5-4FF0-A1A3-F1F6599CB29A}.Release|Any CPU.ActiveCfg = Release|Any CPU
		{110CD3C4-FFA5-4FF0-A1A3-F1F6599CB29A}.Release|Any CPU.Build.0 = Release|Any CPU
		{8154BA28-6D26-4C1A-A0FF-248FF09D1161}.Debug|Any CPU.ActiveCfg = Debug|Any CPU
		{8154BA28-6D26-4C1A-A0FF-248FF09D1161}.Debug|Any CPU.Build.0 = Debug|Any CPU
		{8154BA28-6D26-4C1A-A0FF-248FF09D1161}.Release|Any CPU.ActiveCfg = Release|Any CPU
		{8154BA28-6D26-4C1A-A0FF-248FF09D1161}.Release|Any CPU.Build.0 = Release|Any CPU
		{F42F2A90-739D-47E3-B0A2-F85E13FCFEC5}.Debug|Any CPU.ActiveCfg = Debug|Any CPU
		{F42F2A90-739D-47E3-B0A2-F85E13FCFEC5}.Debug|Any CPU.Build.0 = Debug|Any CPU
		{F42F2A90-739D-47E3-B0A2-F85E13FCFEC5}.Release|Any CPU.ActiveCfg = Release|Any CPU
		{F42F2A90-739D-47E3-B0A2-F85E13FCFEC5}.Release|Any CPU.Build.0 = Release|Any CPU
		{C110E33D-85D5-49D8-B64D-EC4364D03FC2}.Debug|Any CPU.ActiveCfg = Debug|Any CPU
		{C110E33D-85D5-49D8-B64D-EC4364D03FC2}.Debug|Any CPU.Build.0 = Debug|Any CPU
		{C110E33D-85D5-49D8-B64D-EC4364D03FC2}.Release|Any CPU.ActiveCfg = Release|Any CPU
		{C110E33D-85D5-49D8-B64D-EC4364D03FC2}.Release|Any CPU.Build.0 = Release|Any CPU
		{23F3FDDE-030C-46A0-8CD1-B09CFBE2C861}.Debug|Any CPU.ActiveCfg = Debug|Any CPU
		{23F3FDDE-030C-46A0-8CD1-B09CFBE2C861}.Debug|Any CPU.Build.0 = Debug|Any CPU
		{23F3FDDE-030C-46A0-8CD1-B09CFBE2C861}.Release|Any CPU.ActiveCfg = Release|Any CPU
		{23F3FDDE-030C-46A0-8CD1-B09CFBE2C861}.Release|Any CPU.Build.0 = Release|Any CPU
	EndGlobalSection
	GlobalSection(NestedProjects) = preSolution
		{45418DBC-76CC-4A42-9982-3F6454F89C5B} = {9E347474-9710-4B9D-AB18-C798B77D37AE}
		{F2ADBDA3-68DF-4702-B7F0-F1C7FC4D0C92} = {E8E8E9DF-AE3E-45E3-A5BD-720BB4BB3C9F}
		{047AFC63-0B55-44F3-A573-910F0576DF8D} = {4588C387-59C8-44F7-969B-B4A72B63C438}
		{95AF5713-B8EC-4CDC-9FC5-536224892458} = {4588C387-59C8-44F7-969B-B4A72B63C438}
		{58E1A47C-9DD1-4F4B-B19B-7925254A1741} = {4EAF72BE-BE5B-44F7-8C50-3C71B702B34F}
		{110CD3C4-FFA5-4FF0-A1A3-F1F6599CB29A} = {4EAF72BE-BE5B-44F7-8C50-3C71B702B34F}
		{8154BA28-6D26-4C1A-A0FF-248FF09D1161} = {4EAF72BE-BE5B-44F7-8C50-3C71B702B34F}
		{F42F2A90-739D-47E3-B0A2-F85E13FCFEC5} = {4EAF72BE-BE5B-44F7-8C50-3C71B702B34F}
		{E8E8E9DF-AE3E-45E3-A5BD-720BB4BB3C9F} = {A4287CFC-32EB-4DB0-B55E-696D848058DA}
		{4588C387-59C8-44F7-969B-B4A72B63C438} = {A4287CFC-32EB-4DB0-B55E-696D848058DA}
		{4EAF72BE-BE5B-44F7-8C50-3C71B702B34F} = {A4287CFC-32EB-4DB0-B55E-696D848058DA}
		{9E347474-9710-4B9D-AB18-C798B77D37AE} = {A4287CFC-32EB-4DB0-B55E-696D848058DA}
		{C110E33D-85D5-49D8-B64D-EC4364D03FC2} = {956438B4-21E3-4EA9-BC1C-9E733EDF6D58}
		{23F3FDDE-030C-46A0-8CD1-B09CFBE2C861} = {956438B4-21E3-4EA9-BC1C-9E733EDF6D58}
	EndGlobalSection
EndGlobal
