
Microsoft Visual Studio Solution File, Format Version 12.00
Project("{FAE04EC0-301F-11D3-BF4B-00C04F79EFBC}") = "Ducode.Wolk.Api", "Ducode.Wolk.Api\Ducode.Wolk.Api.csproj", "{45418DBC-76CC-4A42-9982-3F6454F89C5B}"
EndProject
Global
	GlobalSection(SolutionConfigurationPlatforms) = preSolution
		Debug|Any CPU = Debug|Any CPU
		Release|Any CPU = Release|Any CPU
	EndGlobalSection
	GlobalSection(ProjectConfigurationPlatforms) = postSolution
		{45418DBC-76CC-4A42-9982-3F6454F89C5B}.Debug|Any CPU.ActiveCfg = Debug|Any CPU
		{45418DBC-76CC-4A42-9982-3F6454F89C5B}.Debug|Any CPU.Build.0 = Debug|Any CPU
		{45418DBC-76CC-4A42-9982-3F6454F89C5B}.Release|Any CPU.ActiveCfg = Release|Any CPU
		{45418DBC-76CC-4A42-9982-3F6454F89C5B}.Release|Any CPU.Build.0 = Release|Any CPU
	EndGlobalSection
EndGlobal
